<Solution>
  <Project Path="../HotelManagementSystem.Application/HotelManagementSystem.Application.csproj" />
  <Project Path="../HotelManagementSystem.Domain/HotelManagementSystem.Domain.csproj" />
  <Project Path="../HotelManagementSystem.Infrastructure/HotelManagementSystem.Infrastructure.csproj" />
  <Project Path="HotelManagementSystem.csproj" />
</Solution>
